// !$*UTF8*$!
{
	archiveVersion = 1;
	classes = {
	};
	objectVersion = 50;
	objects = {

/* Begin PBXBuildFile section */
		1CD055B826071D7400FAFD4D /* AppDelegate.swift in Sources */ = {isa = PBXBuildFile; fileRef = 1CD055B726071D7400FAFD4D /* AppDelegate.swift */; };
		1CD055BA26071D7400FAFD4D /* SceneDelegate.swift in Sources */ = {isa = PBXBuildFile; fileRef = 1CD055B926071D7400FAFD4D /* SceneDelegate.swift */; };
		1CD055BC26071D7400FAFD4D /* ViewController.swift in Sources */ = {isa = PBXBuildFile; fileRef = 1CD055BB26071D7400FAFD4D /* ViewController.swift */; };
		1CD055BF26071D7400FAFD4D /* Main.storyboard in Resources */ = {isa = PBXBuildFile; fileRef = 1CD055BD26071D7400FAFD4D /* Main.storyboard */; };
		1CD055C126071D7500FAFD4D /* Assets.xcassets in Resources */ = {isa = PBXBuildFile; fileRef = 1CD055C026071D7500FAFD4D /* Assets.xcassets */; };
		1CD055C426071D7500FAFD4D /* LaunchScreen.storyboard in Resources */ = {isa = PBXBuildFile; fileRef = 1CD055C226071D7500FAFD4D /* LaunchScreen.storyboard */; };
		1CD055CD260728AD00FAFD4D /* YOLO.swift in Sources */ = {isa = PBXBuildFile; fileRef = 1CD055CC260728AD00FAFD4D /* YOLO.swift */; };
		1CD055D1260728E200FAFD4D /* Helpers.swift in Sources */ = {isa = PBXBuildFile; fileRef = 1CD055D0260728E200FAFD4D /* Helpers.swift */; };
		1CD055D4260728FE00FAFD4D /* BoundingBox.swift in Sources */ = {isa = PBXBuildFile; fileRef = 1CD055D3260728FE00FAFD4D /* BoundingBox.swift */; };
		1CD055D7260729EF00FAFD4D /* VideoCapture.swift in Sources */ = {isa = PBXBuildFile; fileRef = 1CD055D6260729EF00FAFD4D /* VideoCapture.swift */; };
		1CD055DA26072A8900FAFD4D /* yolo.mlmodel in Sources */ = {isa = PBXBuildFile; fileRef = 1CD055D926072A8900FAFD4D /* yolo.mlmodel */; };
/* End PBXBuildFile section */

/* Begin PBXFileReference section */
		1CD055B426071D7400FAFD4D /* FYPv2.app */ = {isa = PBXFileReference; explicitFileType = wrapper.application; includeInIndex = 0; path = FYPv2.app; sourceTree = BUILT_PRODUCTS_DIR; };
		1CD055B726071D7400FAFD4D /* AppDelegate.swift */ = {isa = PBXFileReference; lastKnownFileType = sourcecode.swift; path = AppDelegate.swift; sourceTree = "<group>"; };
		1CD055B926071D7400FAFD4D /* SceneDelegate.swift */ = {isa = PBXFileReference; lastKnownFileType = sourcecode.swift; path = SceneDelegate.swift; sourceTree = "<group>"; };
		1CD055BB26071D7400FAFD4D /* ViewController.swift */ = {isa = PBXFileReference; lastKnownFileType = sourcecode.swift; path = ViewController.swift; sourceTree = "<group>"; };
		1CD055BE26071D7400FAFD4D /* Base */ = {isa = PBXFileReference; lastKnownFileType = file.storyboard; name = Base; path = Base.lproj/Main.storyboard; sourceTree = "<group>"; };
		1CD055C026071D7500FAFD4D /* Assets.xcassets */ = {isa = PBXFileReference; lastKnownFileType = folder.assetcatalog; path = Assets.xcassets; sourceTree = "<group>"; };
		1CD055C326071D7500FAFD4D /* Base */ = {isa = PBXFileReference; lastKnownFileType = file.storyboard; name = Base; path = Base.lproj/LaunchScreen.storyboard; sourceTree = "<group>"; };
		1CD055C526071D7500FAFD4D /* Info.plist */ = {isa = PBXFileReference; lastKnownFileType = text.plist.xml; path = Info.plist; sourceTree = "<group>"; };
		1CD055CC260728AD00FAFD4D /* YOLO.swift */ = {isa = PBXFileReference; lastKnownFileType = sourcecode.swift; path = YOLO.swift; sourceTree = "<group>"; };
		1CD055D0260728E200FAFD4D /* Helpers.swift */ = {isa = PBXFileReference; lastKnownFileType = sourcecode.swift; path = Helpers.swift; sourceTree = "<group>"; };
		1CD055D3260728FE00FAFD4D /* BoundingBox.swift */ = {isa = PBXFileReference; lastKnownFileType = sourcecode.swift; path = BoundingBox.swift; sourceTree = "<group>"; };
		1CD055D6260729EF00FAFD4D /* VideoCapture.swift */ = {isa = PBXFileReference; lastKnownFileType = sourcecode.swift; path = VideoCapture.swift; sourceTree = "<group>"; };
		1CD055D926072A8900FAFD4D /* yolo.mlmodel */ = {isa = PBXFileReference; lastKnownFileType = file.mlmodel; path = yolo.mlmodel; sourceTree = "<group>"; };
/* End PBXFileReference section */

/* Begin PBXFrameworksBuildPhase section */
		1CD055B126071D7400FAFD4D /* Frameworks */ = {
			isa = PBXFrameworksBuildPhase;
			buildActionMask = 2147483647;
			files = (
			);
			runOnlyForDeploymentPostprocessing = 0;
		};
/* End PBXFrameworksBuildPhase section */

/* Begin PBXGroup section */
		1CD055AB26071D7400FAFD4D = {
			isa = PBXGroup;
			children = (
				1CD055B626071D7400FAFD4D /* FYPv2 */,
				1CD055B526071D7400FAFD4D /* Products */,
			);
			sourceTree = "<group>";
		};
		1CD055B526071D7400FAFD4D /* Products */ = {
			isa = PBXGroup;
			children = (
				1CD055B426071D7400FAFD4D /* FYPv2.app */,
			);
			name = Products;
			sourceTree = "<group>";
		};
		1CD055B626071D7400FAFD4D /* FYPv2 */ = {
			isa = PBXGroup;
			children = (
				1CD055CC260728AD00FAFD4D /* YOLO.swift */,
				1CD055B726071D7400FAFD4D /* AppDelegate.swift */,
				1CD055B926071D7400FAFD4D /* SceneDelegate.swift */,
				1CD055BB26071D7400FAFD4D /* ViewController.swift */,
				1CD055D6260729EF00FAFD4D /* VideoCapture.swift */,
				1CD055D926072A8900FAFD4D /* yolo.mlmodel */,
				1CD055BD26071D7400FAFD4D /* Main.storyboard */,
				1CD055C026071D7500FAFD4D /* Assets.xcassets */,
				1CD055C226071D7500FAFD4D /* LaunchScreen.storyboard */,
				1CD055C526071D7500FAFD4D /* Info.plist */,
				1CD055D0260728E200FAFD4D /* Helpers.swift */,
				1CD055D3260728FE00FAFD4D /* BoundingBox.swift */,
			);
			path = FYPv2;
			sourceTree = "<group>";
		};
/* End PBXGroup section */

/* Begin PBXNativeTarget section */
		1CD055B326071D7400FAFD4D /* FYPv2 */ = {
			isa = PBXNativeTarget;
			buildConfigurationList = 1CD055C826071D7500FAFD4D /* Build configuration list for PBXNativeTarget "FYPv2" */;
			buildPhases = (
				1CD055B026071D7400FAFD4D /* Sources */,
				1CD055B126071D7400FAFD4D /* Frameworks */,
				1CD055B226071D7400FAFD4D /* Resources */,
			);
			buildRules = (
			);
			dependencies = (
			);
			name = FYPv2;
			productName = FYPv2;
			productReference = 1CD055B426071D7400FAFD4D /* FYPv2.app */;
			productType = "com.apple.product-type.application";
		};
/* End PBXNativeTarget section */

/* Begin PBXProject section */
		1CD055AC26071D7400FAFD4D /* Project object */ = {
			isa = PBXProject;
			attributes = {
				LastSwiftUpdateCheck = 1240;
				LastUpgradeCheck = 1240;
				TargetAttributes = {
					1CD055B326071D7400FAFD4D = {
						CreatedOnToolsVersion = 12.4;
					};
				};
			};
			buildConfigurationList = 1CD055AF26071D7400FAFD4D /* Build configuration list for PBXProject "FYPv2" */;
			compatibilityVersion = "Xcode 9.3";
			developmentRegion = en;
			hasScannedForEncodings = 0;
			knownRegions = (
				en,
				Base,
			);
			mainGroup = 1CD055AB26071D7400FAFD4D;
			productRefGroup = 1CD055B526071D7400FAFD4D /* Products */;
			projectDirPath = "";
			projectRoot = "";
			targets = (
				1CD055B326071D7400FAFD4D /* FYPv2 */,
			);
		};
/* End PBXProject section */

/* Begin PBXResourcesBuildPhase section */
		1CD055B226071D7400FAFD4D /* Resources */ = {
			isa = PBXResourcesBuildPhase;
			buildActionMask = 2147483647;
			files = (
				1CD055C426071D7500FAFD4D /* LaunchScreen.storyboard in Resources */,
				1CD055C126071D7500FAFD4D /* Assets.xcassets in Resources */,
				1CD055BF26071D7400FAFD4D /* Main.storyboard in Resources */,
			);
			runOnlyForDeploymentPostprocessing = 0;
		};
/* End PBXResourcesBuildPhase section */

/* Begin PBXSourcesBuildPhase section */
		1CD055B026071D7400FAFD4D /* Sources */ = {
			isa = PBXSourcesBuildPhase;
			buildActionMask = 2147483647;
			files = (
				1CD055CD260728AD00FAFD4D /* YOLO.swift in Sources */,
				1CD055D7260729EF00FAFD4D /* VideoCapture.swift in Sources */,
				1CD055BC26071D7400FAFD4D /* ViewController.swift in Sources */,
				1CD055B826071D7400FAFD4D /* AppDelegate.swift in Sources */,
				1CD055D4260728FE00FAFD4D /* BoundingBox.swift in Sources */,
				1CD055D1260728E200FAFD4D /* Helpers.swift in Sources */,
				1CD055BA26071D7400FAFD4D /* SceneDelegate.swift in Sources */,
				1CD055DA26072A8900FAFD4D /* yolo.mlmodel in Sources */,
			);
			runOnlyForDeploymentPostprocessing = 0;
		};
/* End PBXSourcesBuildPhase section */

/* Begin PBXVariantGroup section */
		1CD055BD26071D7400FAFD4D /* Main.storyboard */ = {
			isa = PBXVariantGroup;
			children = (
				1CD055BE26071D7400FAFD4D /* Base */,
			);
			name = Main.storyboard;
			sourceTree = "<group>";
		};
		1CD055C226071D7500FAFD4D /* LaunchScreen.storyboard */ = {
			isa = PBXVariantGroup;
			children = (
				1CD055C326071D7500FAFD4D /* Base */,
			);
			name = LaunchScreen.storyboard;
			sourceTree = "<group>";
		};
/* End PBXVariantGroup section */

/* Begin XCBuildConfiguration section */
		1CD055C626071D7500FAFD4D /* Debug */ = {
			isa = XCBuildConfiguration;
			buildSettings = {
				ALWAYS_SEARCH_USER_PATHS = NO;
				CLANG_ANALYZER_NONNULL = YES;
				CLANG_ANALYZER_NUMBER_OBJECT_CONVERSION = YES_AGGRESSIVE;
				CLANG_CXX_LANGUAGE_STANDARD = "gnu++14";
				CLANG_CXX_LIBRARY = "libc++";
				CLANG_ENABLE_MODULES = YES;
				CLANG_ENABLE_OBJC_ARC = YES;
				CLANG_ENABLE_OBJC_WEAK = YES;
				CLANG_WARN_BLOCK_CAPTURE_AUTORELEASING = YES;
				CLANG_WARN_BOOL_CONVERSION = YES;
				CLANG_WARN_COMMA = YES;
				CLANG_WARN_CONSTANT_CONVERSION = YES;
				CLANG_WARN_DEPRECATED_OBJC_IMPLEMENTATIONS = YES;
				CLANG_WARN_DIRECT_OBJC_ISA_USAGE = YES_ERROR;
				CLANG_WARN_DOCUMENTATION_COMMENTS = YES;
				CLANG_WARN_EMPTY_BODY = YES;
				CLANG_WARN_ENUM_CONVERSION = YES;
				CLANG_WARN_INFINITE_RECURSION = YES;
				CLANG_WARN_INT_CONVERSION = YES;
				CLANG_WARN_NON_LITERAL_NULL_CONVERSION = YES;
				CLANG_WARN_OBJC_IMPLICIT_RETAIN_SELF = YES;
				CLANG_WARN_OBJC_LITERAL_CONVERSION = YES;
				CLANG_WARN_OBJC_ROOT_CLASS = YES_ERROR;
				CLANG_WARN_QUOTED_INCLUDE_IN_FRAMEWORK_HEADER = YES;
				CLANG_WARN_RANGE_LOOP_ANALYSIS = YES;
				CLANG_WARN_STRICT_PROTOTYPES = YES;
				CLANG_WARN_SUSPICIOUS_MOVE = YES;
				CLANG_WARN_UNGUARDED_AVAILABILITY = YES_AGGRESSIVE;
				CLANG_WARN_UNREACHABLE_CODE = YES;
				CLANG_WARN__DUPLICATE_METHOD_MATCH = YES;
				COPY_PHASE_STRIP = NO;
				DEBUG_INFORMATION_FORMAT = dwarf;
				ENABLE_STRICT_OBJC_MSGSEND = YES;
				ENABLE_TESTABILITY = YES;
				GCC_C_LANGUAGE_STANDARD = gnu11;
				GCC_DYNAMIC_NO_PIC = NO;
				GCC_NO_COMMON_BLOCKS = YES;
				GCC_OPTIMIZATION_LEVEL = 0;
				GCC_PREPROCESSOR_DEFINITIONS = (
					"DEBUG=1",
					"$(inherited)",
				);
				GCC_WARN_64_TO_32_BIT_CONVERSION = YES;
				GCC_WARN_ABOUT_RETURN_TYPE = YES_ERROR;
				GCC_WARN_UNDECLARED_SELECTOR = YES;
				GCC_WARN_UNINITIALIZED_AUTOS = YES_AGGRESSIVE;
				GCC_WARN_UNUSED_FUNCTION = YES;
				GCC_WARN_UNUSED_VARIABLE = YES;
				IPHONEOS_DEPLOYMENT_TARGET = 14.4;
				MTL_ENABLE_DEBUG_INFO = INCLUDE_SOURCE;
				MTL_FAST_MATH = YES;
				ONLY_ACTIVE_ARCH = YES;
				SDKROOT = iphoneos;
				SWIFT_ACTIVE_COMPILATION_CONDITIONS = DEBUG;
				SWIFT_OPTIMIZATION_LEVEL = "-Onone";
			};
			name = Debug;
		};
		1CD055C726071D7500FAFD4D /* Release */ = {
			isa = XCBuildConfiguration;
			buildSettings = {
				ALWAYS_SEARCH_USER_PATHS = NO;
				CLANG_ANALYZER_NONNULL = YES;
				CLANG_ANALYZER_NUMBER_OBJECT_CONVERSION = YES_AGGRESSIVE;
				CLANG_CXX_LANGUAGE_STANDARD = "gnu++14";
				CLANG_CXX_LIBRARY = "libc++";
				CLANG_ENABLE_MODULES = YES;
				CLANG_ENABLE_OBJC_ARC = YES;
				CLANG_ENABLE_OBJC_WEAK = YES;
				CLANG_WARN_BLOCK_CAPTURE_AUTORELEASING = YES;
				CLANG_WARN_BOOL_CONVERSION = YES;
				CLANG_WARN_COMMA = YES;
				CLANG_WARN_CONSTANT_CONVERSION = YES;
				CLANG_WARN_DEPRECATED_OBJC_IMPLEMENTATIONS = YES;
				CLANG_WARN_DIRECT_OBJC_ISA_USAGE = YES_ERROR;
				CLANG_WARN_DOCUMENTATION_COMMENTS = YES;
				CLANG_WARN_EMPTY_BODY = YES;
				CLANG_WARN_ENUM_CONVERSION = YES;
				CLANG_WARN_INFINITE_RECURSION = YES;
				CLANG_WARN_INT_CONVERSION = YES;
				CLANG_WARN_NON_LITERAL_NULL_CONVERSION = YES;
				CLANG_WARN_OBJC_IMPLICIT_RETAIN_SELF = YES;
				CLANG_WARN_OBJC_LITERAL_CONVERSION = YES;
				CLANG_WARN_OBJC_ROOT_CLASS = YES_ERROR;
				CLANG_WARN_QUOTED_INCLUDE_IN_FRAMEWORK_HEADER = YES;
				CLANG_WARN_RANGE_LOOP_ANALYSIS = YES;
				CLANG_WARN_STRICT_PROTOTYPES = YES;
				CLANG_WARN_SUSPICIOUS_MOVE = YES;
				CLANG_WARN_UNGUARDED_AVAILABILITY = YES_AGGRESSIVE;
				CLANG_WARN_UNREACHABLE_CODE = YES;
				CLANG_WARN__DUPLICATE_METHOD_MATCH = YES;
				COPY_PHASE_STRIP = NO;
				DEBUG_INFORMATION_FORMAT = "dwarf-with-dsym";
				ENABLE_NS_ASSERTIONS = NO;
				ENABLE_STRICT_OBJC_MSGSEND = YES;
				GCC_C_LANGUAGE_STANDARD = gnu11;
				GCC_NO_COMMON_BLOCKS = YES;
				GCC_WARN_64_TO_32_BIT_CONVERSION = YES;
				GCC_WARN_ABOUT_RETURN_TYPE = YES_ERROR;
				GCC_WARN_UNDECLARED_SELECTOR = YES;
				GCC_WARN_UNINITIALIZED_AUTOS = YES_AGGRESSIVE;
				GCC_WARN_UNUSED_FUNCTION = YES;
				GCC_WARN_UNUSED_VARIABLE = YES;
				IPHONEOS_DEPLOYMENT_TARGET = 14.4;
				MTL_ENABLE_DEBUG_INFO = NO;
				MTL_FAST_MATH = YES;
				SDKROOT = iphoneos;
				SWIFT_COMPILATION_MODE = wholemodule;
				SWIFT_OPTIMIZATION_LEVEL = "-O";
				VALIDATE_PRODUCT = YES;
			};
			name = Release;
		};
		1CD055C926071D7500FAFD4D /* Debug */ = {
			isa = XCBuildConfiguration;
			buildSettings = {
				ASSETCATALOG_COMPILER_APPICON_NAME = AppIcon;
				ASSETCATALOG_COMPILER_GLOBAL_ACCENT_COLOR_NAME = AccentColor;
				CODE_SIGN_STYLE = Automatic;
				DEVELOPMENT_TEAM = RC33KASLJ5;
				INFOPLIST_FILE = FYPv2/Info.plist;
				LD_RUNPATH_SEARCH_PATHS = (
					"$(inherited)",
					"@executable_path/Frameworks",
				);
				PRODUCT_BUNDLE_IDENTIFIER = com.cityuEE.FYPv2;
				PRODUCT_NAME = "$(TARGET_NAME)";
				SWIFT_VERSION = 5.0;
				TARGETED_DEVICE_FAMILY = "1,2";
			};
			name = Debug;
		};
		1CD055CA26071D7500FAFD4D /* Release */ = {
			isa = XCBuildConfiguration;
			buildSettings = {
				ASSETCATALOG_COMPILER_APPICON_NAME = AppIcon;
				ASSETCATALOG_COMPILER_GLOBAL_ACCENT_COLOR_NAME = AccentColor;
				CODE_SIGN_STYLE = Automatic;
				DEVELOPMENT_TEAM = RC33KASLJ5;
				INFOPLIST_FILE = FYPv2/Info.plist;
				LD_RUNPATH_SEARCH_PATHS = (
					"$(inherited)",
					"@executable_path/Frameworks",
				);
				PRODUCT_BUNDLE_IDENTIFIER = com.cityuEE.FYPv2;
				PRODUCT_NAME = "$(TARGET_NAME)";
				SWIFT_VERSION = 5.0;
				TARGETED_DEVICE_FAMILY = "1,2";
			};
			name = Release;
		};
/* End XCBuildConfiguration section */

/* Begin XCConfigurationList section */
		1CD055AF26071D7400FAFD4D /* Build configuration list for PBXProject "FYPv2" */ = {
			isa = XCConfigurationList;
			buildConfigurations = (
				1CD055C626071D7500FAFD4D /* Debug */,
				1CD055C726071D7500FAFD4D /* Release */,
			);
			defaultConfigurationIsVisible = 0;
			defaultConfigurationName = Release;
		};
		1CD055C826071D7500FAFD4D /* Build configuration list for PBXNativeTarget "FYPv2" */ = {
			isa = XCConfigurationList;
			buildConfigurations = (
				1CD055C926071D7500FAFD4D /* Debug */,
				1CD055CA26071D7500FAFD4D /* Release */,
			);
			defaultConfigurationIsVisible = 0;
			defaultConfigurationName = Release;
		};
/* End XCConfigurationList section */
	};
	rootObject = 1CD055AC26071D7400FAFD4D /* Project object */;
}
